
Microsoft Visual Studio Solution File, Format Version 12.00
# Visual Studio 2013
VisualStudioVersion = 12.0.20617.1 PREVIEW
MinimumVisualStudioVersion = 10.0.40219.1
Project("{8BC9CEB8-8B4A-11D0-8D11-00A0C91BC942}") = "GTAVHook", "GTAVHook\GTAVHook.vcxproj", "{54BCF27C-BCEC-464F-A5AF-A82E6223A18D}"
EndProject
Global
	GlobalSection(SolutionConfigurationPlatforms) = preSolution
		Debug|Win32 = Debug|Win32
		Release|Win32 = Release|Win32
	EndGlobalSection
	GlobalSection(ProjectConfigurationPlatforms) = postSolution
		{54BCF27C-BCEC-464F-A5AF-A82E6223A18D}.Debug|Win32.ActiveCfg = Debug|Win32
		{54BCF27C-BCEC-464F-A5AF-A82E6223A18D}.Debug|Win32.Build.0 = Debug|Win32
		{54BCF27C-BCEC-464F-A5AF-A82E6223A18D}.Release|Win32.ActiveCfg = Release|Win32
		{54BCF27C-BCEC-464F-A5AF-A82E6223A18D}.Release|Win32.Build.0 = Release|Win32
	EndGlobalSection
	GlobalSection(SolutionProperties) = preSolution
		HideSolutionNode = FALSE
	EndGlobalSection
EndGlobal
